// !$*UTF8*$!
{
	archiveVersion = 1;
	classes = {
	};
	objectVersion = 56;
	objects = {

/* Begin PBXBuildFile section */
		F776187229608E26001ACAA9 /* AppDelegate.swift in Sources */ = {isa = PBXBuildFile; fileRef = F776187129608E26001ACAA9 /* AppDelegate.swift */; };
		F776187429608E26001ACAA9 /* SceneDelegate.swift in Sources */ = {isa = PBXBuildFile; fileRef = F776187329608E26001ACAA9 /* SceneDelegate.swift */; };
		F776187629608E26001ACAA9 /* ViewController.swift in Sources */ = {isa = PBXBuildFile; fileRef = F776187529608E26001ACAA9 /* ViewController.swift */; };
		F776187929608E26001ACAA9 /* Main.storyboard in Resources */ = {isa = PBXBuildFile; fileRef = F776187729608E26001ACAA9 /* Main.storyboard */; };
		F776187C29608E26001ACAA9 /* ImdpApp.xcdatamodeld in Sources */ = {isa = PBXBuildFile; fileRef = F776187A29608E26001ACAA9 /* ImdpApp.xcdatamodeld */; };
		F776187E29608E27001ACAA9 /* Assets.xcassets in Resources */ = {isa = PBXBuildFile; fileRef = F776187D29608E27001ACAA9 /* Assets.xcassets */; };
		F776188129608E27001ACAA9 /* LaunchScreen.storyboard in Resources */ = {isa = PBXBuildFile; fileRef = F776187F29608E27001ACAA9 /* LaunchScreen.storyboard */; };
		F776188C29608E27001ACAA9 /* ImdpAppTests.swift in Sources */ = {isa = PBXBuildFile; fileRef = F776188B29608E27001ACAA9 /* ImdpAppTests.swift */; };
		F776189629608E27001ACAA9 /* ImdpAppUITests.swift in Sources */ = {isa = PBXBuildFile; fileRef = F776189529608E27001ACAA9 /* ImdpAppUITests.swift */; };
		F776189829608E27001ACAA9 /* ImdpAppUITestsLaunchTests.swift in Sources */ = {isa = PBXBuildFile; fileRef = F776189729608E27001ACAA9 /* ImdpAppUITestsLaunchTests.swift */; };
/* End PBXBuildFile section */

/* Begin PBXContainerItemProxy section */
		F776188829608E27001ACAA9 /* PBXContainerItemProxy */ = {
			isa = PBXContainerItemProxy;
			containerPortal = F776186629608E26001ACAA9 /* Project object */;
			proxyType = 1;
			remoteGlobalIDString = F776186D29608E26001ACAA9;
			remoteInfo = ImdpApp;
		};
		F776189229608E27001ACAA9 /* PBXContainerItemProxy */ = {
			isa = PBXContainerItemProxy;
			containerPortal = F776186629608E26001ACAA9 /* Project object */;
			proxyType = 1;
			remoteGlobalIDString = F776186D29608E26001ACAA9;
			remoteInfo = ImdpApp;
		};
/* End PBXContainerItemProxy section */

/* Begin PBXFileReference section */
		F776186E29608E26001ACAA9 /* ImdpApp.app */ = {isa = PBXFileReference; explicitFileType = wrapper.application; includeInIndex = 0; path = ImdpApp.app; sourceTree = BUILT_PRODUCTS_DIR; };
		F776187129608E26001ACAA9 /* AppDelegate.swift */ = {isa = PBXFileReference; lastKnownFileType = sourcecode.swift; path = AppDelegate.swift; sourceTree = "<group>"; };
		F776187329608E26001ACAA9 /* SceneDelegate.swift */ = {isa = PBXFileReference; lastKnownFileType = sourcecode.swift; path = SceneDelegate.swift; sourceTree = "<group>"; };
		F776187529608E26001ACAA9 /* ViewController.swift */ = {isa = PBXFileReference; lastKnownFileType = sourcecode.swift; path = ViewController.swift; sourceTree = "<group>"; };
		F776187829608E26001ACAA9 /* Base */ = {isa = PBXFileReference; lastKnownFileType = file.storyboard; name = Base; path = Base.lproj/Main.storyboard; sourceTree = "<group>"; };
		F776187B29608E26001ACAA9 /* ImdpApp.xcdatamodel */ = {isa = PBXFileReference; lastKnownFileType = wrapper.xcdatamodel; path = ImdpApp.xcdatamodel; sourceTree = "<group>"; };
		F776187D29608E27001ACAA9 /* Assets.xcassets */ = {isa = PBXFileReference; lastKnownFileType = folder.assetcatalog; path = Assets.xcassets; sourceTree = "<group>"; };
		F776188029608E27001ACAA9 /* Base */ = {isa = PBXFileReference; lastKnownFileType = file.storyboard; name = Base; path = Base.lproj/LaunchScreen.storyboard; sourceTree = "<group>"; };
		F776188229608E27001ACAA9 /* Info.plist */ = {isa = PBXFileReference; lastKnownFileType = text.plist.xml; path = Info.plist; sourceTree = "<group>"; };
		F776188729608E27001ACAA9 /* ImdpAppTests.xctest */ = {isa = PBXFileReference; explicitFileType = wrapper.cfbundle; includeInIndex = 0; path = ImdpAppTests.xctest; sourceTree = BUILT_PRODUCTS_DIR; };
		F776188B29608E27001ACAA9 /* ImdpAppTests.swift */ = {isa = PBXFileReference; lastKnownFileType = sourcecode.swift; path = ImdpAppTests.swift; sourceTree = "<group>"; };
		F776189129608E27001ACAA9 /* ImdpAppUITests.xctest */ = {isa = PBXFileReference; explicitFileType = wrapper.cfbundle; includeInIndex = 0; path = ImdpAppUITests.xctest; sourceTree = BUILT_PRODUCTS_DIR; };
		F776189529608E27001ACAA9 /* ImdpAppUITests.swift */ = {isa = PBXFileReference; lastKnownFileType = sourcecode.swift; path = ImdpAppUITests.swift; sourceTree = "<group>"; };
		F776189729608E27001ACAA9 /* ImdpAppUITestsLaunchTests.swift */ = {isa = PBXFileReference; lastKnownFileType = sourcecode.swift; path = ImdpAppUITestsLaunchTests.swift; sourceTree = "<group>"; };
/* End PBXFileReference section */

/* Begin PBXFrameworksBuildPhase section */
		F776186B29608E26001ACAA9 /* Frameworks */ = {
			isa = PBXFrameworksBuildPhase;
			buildActionMask = 2147483647;
			files = (
			);
			runOnlyForDeploymentPostprocessing = 0;
		};
		F776188429608E27001ACAA9 /* Frameworks */ = {
			isa = PBXFrameworksBuildPhase;
			buildActionMask = 2147483647;
			files = (
			);
			runOnlyForDeploymentPostprocessing = 0;
		};
		F776188E29608E27001ACAA9 /* Frameworks */ = {
			isa = PBXFrameworksBuildPhase;
			buildActionMask = 2147483647;
			files = (
			);
			runOnlyForDeploymentPostprocessing = 0;
		};
/* End PBXFrameworksBuildPhase section */

/* Begin PBXGroup section */
		F776186529608E26001ACAA9 = {
			isa = PBXGroup;
			children = (
				F776187029608E26001ACAA9 /* ImdpApp */,
				F776188A29608E27001ACAA9 /* ImdpAppTests */,
				F776189429608E27001ACAA9 /* ImdpAppUITests */,
				F776186F29608E26001ACAA9 /* Products */,
			);
			sourceTree = "<group>";
		};
		F776186F29608E26001ACAA9 /* Products */ = {
			isa = PBXGroup;
			children = (
				F776186E29608E26001ACAA9 /* ImdpApp.app */,
				F776188729608E27001ACAA9 /* ImdpAppTests.xctest */,
				F776189129608E27001ACAA9 /* ImdpAppUITests.xctest */,
			);
			name = Products;
			sourceTree = "<group>";
		};
		F776187029608E26001ACAA9 /* ImdpApp */ = {
			isa = PBXGroup;
			children = (
				F776187129608E26001ACAA9 /* AppDelegate.swift */,
				F776187329608E26001ACAA9 /* SceneDelegate.swift */,
				F776187529608E26001ACAA9 /* ViewController.swift */,
				F776187729608E26001ACAA9 /* Main.storyboard */,
				F776187D29608E27001ACAA9 /* Assets.xcassets */,
				F776187F29608E27001ACAA9 /* LaunchScreen.storyboard */,
				F776188229608E27001ACAA9 /* Info.plist */,
				F776187A29608E26001ACAA9 /* ImdpApp.xcdatamodeld */,
			);
			path = ImdpApp;
			sourceTree = "<group>";
		};
		F776188A29608E27001ACAA9 /* ImdpAppTests */ = {
			isa = PBXGroup;
			children = (
				F776188B29608E27001ACAA9 /* ImdpAppTests.swift */,
			);
			path = ImdpAppTests;
			sourceTree = "<group>";
		};
		F776189429608E27001ACAA9 /* ImdpAppUITests */ = {
			isa = PBXGroup;
			children = (
				F776189529608E27001ACAA9 /* ImdpAppUITests.swift */,
				F776189729608E27001ACAA9 /* ImdpAppUITestsLaunchTests.swift */,
			);
			path = ImdpAppUITests;
			sourceTree = "<group>";
		};
/* End PBXGroup section */

/* Begin PBXNativeTarget section */
		F776186D29608E26001ACAA9 /* ImdpApp */ = {
			isa = PBXNativeTarget;
			buildConfigurationList = F776189B29608E27001ACAA9 /* Build configuration list for PBXNativeTarget "ImdpApp" */;
			buildPhases = (
				F776186A29608E26001ACAA9 /* Sources */,
				F776186B29608E26001ACAA9 /* Frameworks */,
				F776186C29608E26001ACAA9 /* Resources */,
			);
			buildRules = (
			);
			dependencies = (
			);
			name = ImdpApp;
			productName = ImdpApp;
			productReference = F776186E29608E26001ACAA9 /* ImdpApp.app */;
			productType = "com.apple.product-type.application";
		};
		F776188629608E27001ACAA9 /* ImdpAppTests */ = {
			isa = PBXNativeTarget;
			buildConfigurationList = F776189E29608E27001ACAA9 /* Build configuration list for PBXNativeTarget "ImdpAppTests" */;
			buildPhases = (
				F776188329608E27001ACAA9 /* Sources */,
				F776188429608E27001ACAA9 /* Frameworks */,
				F776188529608E27001ACAA9 /* Resources */,
			);
			buildRules = (
			);
			dependencies = (
				F776188929608E27001ACAA9 /* PBXTargetDependency */,
			);
			name = ImdpAppTests;
			productName = ImdpAppTests;
			productReference = F776188729608E27001ACAA9 /* ImdpAppTests.xctest */;
			productType = "com.apple.product-type.bundle.unit-test";
		};
		F776189029608E27001ACAA9 /* ImdpAppUITests */ = {
			isa = PBXNativeTarget;
			buildConfigurationList = F77618A129608E27001ACAA9 /* Build configuration list for PBXNativeTarget "ImdpAppUITests" */;
			buildPhases = (
				F776188D29608E27001ACAA9 /* Sources */,
				F776188E29608E27001ACAA9 /* Frameworks */,
				F776188F29608E27001ACAA9 /* Resources */,
			);
			buildRules = (
			);
			dependencies = (
				F776189329608E27001ACAA9 /* PBXTargetDependency */,
			);
			name = ImdpAppUITests;
			productName = ImdpAppUITests;
			productReference = F776189129608E27001ACAA9 /* ImdpAppUITests.xctest */;
			productType = "com.apple.product-type.bundle.ui-testing";
		};
/* End PBXNativeTarget section */

/* Begin PBXProject section */
		F776186629608E26001ACAA9 /* Project object */ = {
			isa = PBXProject;
			attributes = {
				BuildIndependentTargetsInParallel = 1;
				LastSwiftUpdateCheck = 1410;
				LastUpgradeCheck = 1410;
				TargetAttributes = {
					F776186D29608E26001ACAA9 = {
						CreatedOnToolsVersion = 14.1;
					};
					F776188629608E27001ACAA9 = {
						CreatedOnToolsVersion = 14.1;
						TestTargetID = F776186D29608E26001ACAA9;
					};
					F776189029608E27001ACAA9 = {
						CreatedOnToolsVersion = 14.1;
						TestTargetID = F776186D29608E26001ACAA9;
					};
				};
			};
			buildConfigurationList = F776186929608E26001ACAA9 /* Build configuration list for PBXProject "ImdpApp" */;
			compatibilityVersion = "Xcode 14.0";
			developmentRegion = en;
			hasScannedForEncodings = 0;
			knownRegions = (
				en,
				Base,
			);
			mainGroup = F776186529608E26001ACAA9;
			productRefGroup = F776186F29608E26001ACAA9 /* Products */;
			projectDirPath = "";
			projectRoot = "";
			targets = (
				F776186D29608E26001ACAA9 /* ImdpApp */,
				F776188629608E27001ACAA9 /* ImdpAppTests */,
				F776189029608E27001ACAA9 /* ImdpAppUITests */,
			);
		};
/* End PBXProject section */

/* Begin PBXResourcesBuildPhase section */
		F776186C29608E26001ACAA9 /* Resources */ = {
			isa = PBXResourcesBuildPhase;
			buildActionMask = 2147483647;
			files = (
				F776188129608E27001ACAA9 /* LaunchScreen.storyboard in Resources */,
				F776187E29608E27001ACAA9 /* Assets.xcassets in Resources */,
				F776187929608E26001ACAA9 /* Main.storyboard in Resources */,
			);
			runOnlyForDeploymentPostprocessing = 0;
		};
		F776188529608E27001ACAA9 /* Resources */ = {
			isa = PBXResourcesBuildPhase;
			buildActionMask = 2147483647;
			files = (
			);
			runOnlyForDeploymentPostprocessing = 0;
		};
		F776188F29608E27001ACAA9 /* Resources */ = {
			isa = PBXResourcesBuildPhase;
			buildActionMask = 2147483647;
			files = (
			);
			runOnlyForDeploymentPostprocessing = 0;
		};
/* End PBXResourcesBuildPhase section */

/* Begin PBXSourcesBuildPhase section */
		F776186A29608E26001ACAA9 /* Sources */ = {
			isa = PBXSourcesBuildPhase;
			buildActionMask = 2147483647;
			files = (
				F776187629608E26001ACAA9 /* ViewController.swift in Sources */,
				F776187229608E26001ACAA9 /* AppDelegate.swift in Sources */,
				F776187429608E26001ACAA9 /* SceneDelegate.swift in Sources */,
				F776187C29608E26001ACAA9 /* ImdpApp.xcdatamodeld in Sources */,
			);
			runOnlyForDeploymentPostprocessing = 0;
		};
		F776188329608E27001ACAA9 /* Sources */ = {
			isa = PBXSourcesBuildPhase;
			buildActionMask = 2147483647;
			files = (
				F776188C29608E27001ACAA9 /* ImdpAppTests.swift in Sources */,
			);
			runOnlyForDeploymentPostprocessing = 0;
		};
		F776188D29608E27001ACAA9 /* Sources */ = {
			isa = PBXSourcesBuildPhase;
			buildActionMask = 2147483647;
			files = (
				F776189829608E27001ACAA9 /* ImdpAppUITestsLaunchTests.swift in Sources */,
				F776189629608E27001ACAA9 /* ImdpAppUITests.swift in Sources */,
			);
			runOnlyForDeploymentPostprocessing = 0;
		};
/* End PBXSourcesBuildPhase section */

/* Begin PBXTargetDependency section */
		F776188929608E27001ACAA9 /* PBXTargetDependency */ = {
			isa = PBXTargetDependency;
			target = F776186D29608E26001ACAA9 /* ImdpApp */;
			targetProxy = F776188829608E27001ACAA9 /* PBXContainerItemProxy */;
		};
		F776189329608E27001ACAA9 /* PBXTargetDependency */ = {
			isa = PBXTargetDependency;
			target = F776186D29608E26001ACAA9 /* ImdpApp */;
			targetProxy = F776189229608E27001ACAA9 /* PBXContainerItemProxy */;
		};
/* End PBXTargetDependency section */

/* Begin PBXVariantGroup section */
		F776187729608E26001ACAA9 /* Main.storyboard */ = {
			isa = PBXVariantGroup;
			children = (
				F776187829608E26001ACAA9 /* Base */,
			);
			name = Main.storyboard;
			sourceTree = "<group>";
		};
		F776187F29608E27001ACAA9 /* LaunchScreen.storyboard */ = {
			isa = PBXVariantGroup;
			children = (
				F776188029608E27001ACAA9 /* Base */,
			);
			name = LaunchScreen.storyboard;
			sourceTree = "<group>";
		};
/* End PBXVariantGroup section */

/* Begin XCBuildConfiguration section */
		F776189929608E27001ACAA9 /* Debug */ = {
			isa = XCBuildConfiguration;
			buildSettings = {
				ALWAYS_SEARCH_USER_PATHS = NO;
				CLANG_ANALYZER_NONNULL = YES;
				CLANG_ANALYZER_NUMBER_OBJECT_CONVERSION = YES_AGGRESSIVE;
				CLANG_CXX_LANGUAGE_STANDARD = "gnu++20";
				CLANG_ENABLE_MODULES = YES;
				CLANG_ENABLE_OBJC_ARC = YES;
				CLANG_ENABLE_OBJC_WEAK = YES;
				CLANG_WARN_BLOCK_CAPTURE_AUTORELEASING = YES;
				CLANG_WARN_BOOL_CONVERSION = YES;
				CLANG_WARN_COMMA = YES;
				CLANG_WARN_CONSTANT_CONVERSION = YES;
				CLANG_WARN_DEPRECATED_OBJC_IMPLEMENTATIONS = YES;
				CLANG_WARN_DIRECT_OBJC_ISA_USAGE = YES_ERROR;
				CLANG_WARN_DOCUMENTATION_COMMENTS = YES;
				CLANG_WARN_EMPTY_BODY = YES;
				CLANG_WARN_ENUM_CONVERSION = YES;
				CLANG_WARN_INFINITE_RECURSION = YES;
				CLANG_WARN_INT_CONVERSION = YES;
				CLANG_WARN_NON_LITERAL_NULL_CONVERSION = YES;
				CLANG_WARN_OBJC_IMPLICIT_RETAIN_SELF = YES;
				CLANG_WARN_OBJC_LITERAL_CONVERSION = YES;
				CLANG_WARN_OBJC_ROOT_CLASS = YES_ERROR;
				CLANG_WARN_QUOTED_INCLUDE_IN_FRAMEWORK_HEADER = YES;
				CLANG_WARN_RANGE_LOOP_ANALYSIS = YES;
				CLANG_WARN_STRICT_PROTOTYPES = YES;
				CLANG_WARN_SUSPICIOUS_MOVE = YES;
				CLANG_WARN_UNGUARDED_AVAILABILITY = YES_AGGRESSIVE;
				CLANG_WARN_UNREACHABLE_CODE = YES;
				CLANG_WARN__DUPLICATE_METHOD_MATCH = YES;
				COPY_PHASE_STRIP = NO;
				DEBUG_INFORMATION_FORMAT = dwarf;
				ENABLE_STRICT_OBJC_MSGSEND = YES;
				ENABLE_TESTABILITY = YES;
				GCC_C_LANGUAGE_STANDARD = gnu11;
				GCC_DYNAMIC_NO_PIC = NO;
				GCC_NO_COMMON_BLOCKS = YES;
				GCC_OPTIMIZATION_LEVEL = 0;
				GCC_PREPROCESSOR_DEFINITIONS = (
					"DEBUG=1",
					"$(inherited)",
				);
				GCC_WARN_64_TO_32_BIT_CONVERSION = YES;
				GCC_WARN_ABOUT_RETURN_TYPE = YES_ERROR;
				GCC_WARN_UNDECLARED_SELECTOR = YES;
				GCC_WARN_UNINITIALIZED_AUTOS = YES_AGGRESSIVE;
				GCC_WARN_UNUSED_FUNCTION = YES;
				GCC_WARN_UNUSED_VARIABLE = YES;
				IPHONEOS_DEPLOYMENT_TARGET = 16.1;
				MTL_ENABLE_DEBUG_INFO = INCLUDE_SOURCE;
				MTL_FAST_MATH = YES;
				ONLY_ACTIVE_ARCH = YES;
				SDKROOT = iphoneos;
				SWIFT_ACTIVE_COMPILATION_CONDITIONS = DEBUG;
				SWIFT_OPTIMIZATION_LEVEL = "-Onone";
			};
			name = Debug;
		};
		F776189A29608E27001ACAA9 /* Release */ = {
			isa = XCBuildConfiguration;
			buildSettings = {
				ALWAYS_SEARCH_USER_PATHS = NO;
				CLANG_ANALYZER_NONNULL = YES;
				CLANG_ANALYZER_NUMBER_OBJECT_CONVERSION = YES_AGGRESSIVE;
				CLANG_CXX_LANGUAGE_STANDARD = "gnu++20";
				CLANG_ENABLE_MODULES = YES;
				CLANG_ENABLE_OBJC_ARC = YES;
				CLANG_ENABLE_OBJC_WEAK = YES;
				CLANG_WARN_BLOCK_CAPTURE_AUTORELEASING = YES;
				CLANG_WARN_BOOL_CONVERSION = YES;
				CLANG_WARN_COMMA = YES;
				CLANG_WARN_CONSTANT_CONVERSION = YES;
				CLANG_WARN_DEPRECATED_OBJC_IMPLEMENTATIONS = YES;
				CLANG_WARN_DIRECT_OBJC_ISA_USAGE = YES_ERROR;
				CLANG_WARN_DOCUMENTATION_COMMENTS = YES;
				CLANG_WARN_EMPTY_BODY = YES;
				CLANG_WARN_ENUM_CONVERSION = YES;
				CLANG_WARN_INFINITE_RECURSION = YES;
				CLANG_WARN_INT_CONVERSION = YES;
				CLANG_WARN_NON_LITERAL_NULL_CONVERSION = YES;
				CLANG_WARN_OBJC_IMPLICIT_RETAIN_SELF = YES;
				CLANG_WARN_OBJC_LITERAL_CONVERSION = YES;
				CLANG_WARN_OBJC_ROOT_CLASS = YES_ERROR;
				CLANG_WARN_QUOTED_INCLUDE_IN_FRAMEWORK_HEADER = YES;
				CLANG_WARN_RANGE_LOOP_ANALYSIS = YES;
				CLANG_WARN_STRICT_PROTOTYPES = YES;
				CLANG_WARN_SUSPICIOUS_MOVE = YES;
				CLANG_WARN_UNGUARDED_AVAILABILITY = YES_AGGRESSIVE;
				CLANG_WARN_UNREACHABLE_CODE = YES;
				CLANG_WARN__DUPLICATE_METHOD_MATCH = YES;
				COPY_PHASE_STRIP = NO;
				DEBUG_INFORMATION_FORMAT = "dwarf-with-dsym";
				ENABLE_NS_ASSERTIONS = NO;
				ENABLE_STRICT_OBJC_MSGSEND = YES;
				GCC_C_LANGUAGE_STANDARD = gnu11;
				GCC_NO_COMMON_BLOCKS = YES;
				GCC_WARN_64_TO_32_BIT_CONVERSION = YES;
				GCC_WARN_ABOUT_RETURN_TYPE = YES_ERROR;
				GCC_WARN_UNDECLARED_SELECTOR = YES;
				GCC_WARN_UNINITIALIZED_AUTOS = YES_AGGRESSIVE;
				GCC_WARN_UNUSED_FUNCTION = YES;
				GCC_WARN_UNUSED_VARIABLE = YES;
				IPHONEOS_DEPLOYMENT_TARGET = 16.1;
				MTL_ENABLE_DEBUG_INFO = NO;
				MTL_FAST_MATH = YES;
				SDKROOT = iphoneos;
				SWIFT_COMPILATION_MODE = wholemodule;
				SWIFT_OPTIMIZATION_LEVEL = "-O";
				VALIDATE_PRODUCT = YES;
			};
			name = Release;
		};
		F776189C29608E27001ACAA9 /* Debug */ = {
			isa = XCBuildConfiguration;
			buildSettings = {
				ASSETCATALOG_COMPILER_APPICON_NAME = AppIcon;
				ASSETCATALOG_COMPILER_GLOBAL_ACCENT_COLOR_NAME = AccentColor;
				CODE_SIGN_STYLE = Automatic;
				CURRENT_PROJECT_VERSION = 1;
				DEVELOPMENT_TEAM = TP8LF837KP;
				GENERATE_INFOPLIST_FILE = YES;
				INFOPLIST_FILE = ImdpApp/Info.plist;
				INFOPLIST_KEY_UIApplicationSupportsIndirectInputEvents = YES;
				INFOPLIST_KEY_UILaunchStoryboardName = LaunchScreen;
				INFOPLIST_KEY_UIMainStoryboardFile = Main;
				INFOPLIST_KEY_UISupportedInterfaceOrientations_iPad = "UIInterfaceOrientationPortrait UIInterfaceOrientationPortraitUpsideDown UIInterfaceOrientationLandscapeLeft UIInterfaceOrientationLandscapeRight";
				INFOPLIST_KEY_UISupportedInterfaceOrientations_iPhone = "UIInterfaceOrientationPortrait UIInterfaceOrientationLandscapeLeft UIInterfaceOrientationLandscapeRight";
				LD_RUNPATH_SEARCH_PATHS = (
					"$(inherited)",
					"@executable_path/Frameworks",
				);
				MARKETING_VERSION = 1.0;
				PRODUCT_BUNDLE_IDENTIFIER = com.future.ImdpApp;
				PRODUCT_NAME = "$(TARGET_NAME)";
				SWIFT_EMIT_LOC_STRINGS = YES;
				SWIFT_VERSION = 5.0;
				TARGETED_DEVICE_FAMILY = "1,2";
			};
			name = Debug;
		};
		F776189D29608E27001ACAA9 /* Release */ = {
			isa = XCBuildConfiguration;
			buildSettings = {
				ASSETCATALOG_COMPILER_APPICON_NAME = AppIcon;
				ASSETCATALOG_COMPILER_GLOBAL_ACCENT_COLOR_NAME = AccentColor;
				CODE_SIGN_STYLE = Automatic;
				CURRENT_PROJECT_VERSION = 1;
				DEVELOPMENT_TEAM = TP8LF837KP;
				GENERATE_INFOPLIST_FILE = YES;
				INFOPLIST_FILE = ImdpApp/Info.plist;
				INFOPLIST_KEY_UIApplicationSupportsIndirectInputEvents = YES;
				INFOPLIST_KEY_UILaunchStoryboardName = LaunchScreen;
				INFOPLIST_KEY_UIMainStoryboardFile = Main;
				INFOPLIST_KEY_UISupportedInterfaceOrientations_iPad = "UIInterfaceOrientationPortrait UIInterfaceOrientationPortraitUpsideDown UIInterfaceOrientationLandscapeLeft UIInterfaceOrientationLandscapeRight";
				INFOPLIST_KEY_UISupportedInterfaceOrientations_iPhone = "UIInterfaceOrientationPortrait UIInterfaceOrientationLandscapeLeft UIInterfaceOrientationLandscapeRight";
				LD_RUNPATH_SEARCH_PATHS = (
					"$(inherited)",
					"@executable_path/Frameworks",
				);
				MARKETING_VERSION = 1.0;
				PRODUCT_BUNDLE_IDENTIFIER = com.future.ImdpApp;
				PRODUCT_NAME = "$(TARGET_NAME)";
				SWIFT_EMIT_LOC_STRINGS = YES;
				SWIFT_VERSION = 5.0;
				TARGETED_DEVICE_FAMILY = "1,2";
			};
			name = Release;
		};
		F776189F29608E27001ACAA9 /* Debug */ = {
			isa = XCBuildConfiguration;
			buildSettings = {
				ALWAYS_EMBED_SWIFT_STANDARD_LIBRARIES = YES;
				BUNDLE_LOADER = "$(TEST_HOST)";
				CODE_SIGN_STYLE = Automatic;
				CURRENT_PROJECT_VERSION = 1;
				DEVELOPMENT_TEAM = TP8LF837KP;
				GENERATE_INFOPLIST_FILE = YES;
				IPHONEOS_DEPLOYMENT_TARGET = 16.1;
				MARKETING_VERSION = 1.0;
				PRODUCT_BUNDLE_IDENTIFIER = com.future.ImdpAppTests;
				PRODUCT_NAME = "$(TARGET_NAME)";
				SWIFT_EMIT_LOC_STRINGS = NO;
				SWIFT_VERSION = 5.0;
				TARGETED_DEVICE_FAMILY = "1,2";
				TEST_HOST = "$(BUILT_PRODUCTS_DIR)/ImdpApp.app/$(BUNDLE_EXECUTABLE_FOLDER_PATH)/ImdpApp";
			};
			name = Debug;
		};
		F77618A029608E27001ACAA9 /* Release */ = {
			isa = XCBuildConfiguration;
			buildSettings = {
				ALWAYS_EMBED_SWIFT_STANDARD_LIBRARIES = YES;
				BUNDLE_LOADER = "$(TEST_HOST)";
				CODE_SIGN_STYLE = Automatic;
				CURRENT_PROJECT_VERSION = 1;
				DEVELOPMENT_TEAM = TP8LF837KP;
				GENERATE_INFOPLIST_FILE = YES;
				IPHONEOS_DEPLOYMENT_TARGET = 16.1;
				MARKETING_VERSION = 1.0;
				PRODUCT_BUNDLE_IDENTIFIER = com.future.ImdpAppTests;
				PRODUCT_NAME = "$(TARGET_NAME)";
				SWIFT_EMIT_LOC_STRINGS = NO;
				SWIFT_VERSION = 5.0;
				TARGETED_DEVICE_FAMILY = "1,2";
				TEST_HOST = "$(BUILT_PRODUCTS_DIR)/ImdpApp.app/$(BUNDLE_EXECUTABLE_FOLDER_PATH)/ImdpApp";
			};
			name = Release;
		};
		F77618A229608E27001ACAA9 /* Debug */ = {
			isa = XCBuildConfiguration;
			buildSettings = {
				ALWAYS_EMBED_SWIFT_STANDARD_LIBRARIES = YES;
				CODE_SIGN_STYLE = Automatic;
				CURRENT_PROJECT_VERSION = 1;
				DEVELOPMENT_TEAM = TP8LF837KP;
				GENERATE_INFOPLIST_FILE = YES;
				MARKETING_VERSION = 1.0;
				PRODUCT_BUNDLE_IDENTIFIER = com.future.ImdpAppUITests;
				PRODUCT_NAME = "$(TARGET_NAME)";
				SWIFT_EMIT_LOC_STRINGS = NO;
				SWIFT_VERSION = 5.0;
				TARGETED_DEVICE_FAMILY = "1,2";
				TEST_TARGET_NAME = ImdpApp;
			};
			name = Debug;
		};
		F77618A329608E27001ACAA9 /* Release */ = {
			isa = XCBuildConfiguration;
			buildSettings = {
				ALWAYS_EMBED_SWIFT_STANDARD_LIBRARIES = YES;
				CODE_SIGN_STYLE = Automatic;
				CURRENT_PROJECT_VERSION = 1;
				DEVELOPMENT_TEAM = TP8LF837KP;
				GENERATE_INFOPLIST_FILE = YES;
				MARKETING_VERSION = 1.0;
				PRODUCT_BUNDLE_IDENTIFIER = com.future.ImdpAppUITests;
				PRODUCT_NAME = "$(TARGET_NAME)";
				SWIFT_EMIT_LOC_STRINGS = NO;
				SWIFT_VERSION = 5.0;
				TARGETED_DEVICE_FAMILY = "1,2";
				TEST_TARGET_NAME = ImdpApp;
			};
			name = Release;
		};
/* End XCBuildConfiguration section */

/* Begin XCConfigurationList section */
		F776186929608E26001ACAA9 /* Build configuration list for PBXProject "ImdpApp" */ = {
			isa = XCConfigurationList;
			buildConfigurations = (
				F776189929608E27001ACAA9 /* Debug */,
				F776189A29608E27001ACAA9 /* Release */,
			);
			defaultConfigurationIsVisible = 0;
			defaultConfigurationName = Release;
		};
		F776189B29608E27001ACAA9 /* Build configuration list for PBXNativeTarget "ImdpApp" */ = {
			isa = XCConfigurationList;
			buildConfigurations = (
				F776189C29608E27001ACAA9 /* Debug */,
				F776189D29608E27001ACAA9 /* Release */,
			);
			defaultConfigurationIsVisible = 0;
			defaultConfigurationName = Release;
		};
		F776189E29608E27001ACAA9 /* Build configuration list for PBXNativeTarget "ImdpAppTests" */ = {
			isa = XCConfigurationList;
			buildConfigurations = (
				F776189F29608E27001ACAA9 /* Debug */,
				F77618A029608E27001ACAA9 /* Release */,
			);
			defaultConfigurationIsVisible = 0;
			defaultConfigurationName = Release;
		};
		F77618A129608E27001ACAA9 /* Build configuration list for PBXNativeTarget "ImdpAppUITests" */ = {
			isa = XCConfigurationList;
			buildConfigurations = (
				F77618A229608E27001ACAA9 /* Debug */,
				F77618A329608E27001ACAA9 /* Release */,
			);
			defaultConfigurationIsVisible = 0;
			defaultConfigurationName = Release;
		};
/* End XCConfigurationList section */

/* Begin XCVersionGroup section */
		F776187A29608E26001ACAA9 /* ImdpApp.xcdatamodeld */ = {
			isa = XCVersionGroup;
			children = (
				F776187B29608E26001ACAA9 /* ImdpApp.xcdatamodel */,
			);
			currentVersion = F776187B29608E26001ACAA9 /* ImdpApp.xcdatamodel */;
			path = ImdpApp.xcdatamodeld;
			sourceTree = "<group>";
			versionGroupType = wrapper.xcdatamodel;
		};
/* End XCVersionGroup section */
	};
	rootObject = F776186629608E26001ACAA9 /* Project object */;
}
